
Microsoft Visual Studio Solution File, Format Version 12.00
# Visual Studio Version 16
VisualStudioVersion = 16.0.29403.142
MinimumVisualStudioVersion = 10.0.40219.1
Project("{FAE04EC0-301F-11D3-BF4B-00C04F79EFBC}") = "WebrtcSharp", "WebrtcSharp\WebrtcSharp.csproj", "{65BD845E-F4D5-4EC9-BAD6-9A207BC1313B}"
EndProject
Project("{8BC9CEB8-8B4A-11D0-8D11-00A0C91BC942}") = "unityplugin", "unityplugin\unityplugin.vcxproj", "{D9AEFA49-7CF8-409F-ADD9-8AC4167A0B85}"
EndProject
Global
	GlobalSection(SolutionConfigurationPlatforms) = preSolution
		Debug|Any CPU = Debug|Any CPU
		Debug|x64 = Debug|x64
		Debug|x86 = Debug|x86
		Release|Any CPU = Release|Any CPU
		Release|x64 = Release|x64
		Release|x86 = Release|x86
	EndGlobalSection
	GlobalSection(ProjectConfigurationPlatforms) = postSolution
		{65BD845E-F4D5-4EC9-BAD6-9A207BC1313B}.Debug|Any CPU.ActiveCfg = Debug|Any CPU
		{65BD845E-F4D5-4EC9-BAD6-9A207BC1313B}.Debug|Any CPU.Build.0 = Debug|Any CPU
		{65BD845E-F4D5-4EC9-BAD6-9A207BC1313B}.Debug|x64.ActiveCfg = Debug|x64
		{65BD845E-F4D5-4EC9-BAD6-9A207BC1313B}.Debug|x64.Build.0 = Debug|x64
		{65BD845E-F4D5-4EC9-BAD6-9A207BC1313B}.Debug|x86.ActiveCfg = Debug|Any CPU
		{65BD845E-F4D5-4EC9-BAD6-9A207BC1313B}.Debug|x86.Build.0 = Debug|Any CPU
		{65BD845E-F4D5-4EC9-BAD6-9A207BC1313B}.Release|Any CPU.ActiveCfg = Release|Any CPU
		{65BD845E-F4D5-4EC9-BAD6-9A207BC1313B}.Release|Any CPU.Build.0 = Release|Any CPU
		{65BD845E-F4D5-4EC9-BAD6-9A207BC1313B}.Release|x64.ActiveCfg = Release|x64
		{65BD845E-F4D5-4EC9-BAD6-9A207BC1313B}.Release|x64.Build.0 = Release|x64
		{65BD845E-F4D5-4EC9-BAD6-9A207BC1313B}.Release|x86.ActiveCfg = Release|Any CPU
		{65BD845E-F4D5-4EC9-BAD6-9A207BC1313B}.Release|x86.Build.0 = Release|Any CPU
		{D9AEFA49-7CF8-409F-ADD9-8AC4167A0B85}.Debug|Any CPU.ActiveCfg = Debug|Win32
		{D9AEFA49-7CF8-409F-ADD9-8AC4167A0B85}.Debug|x64.ActiveCfg = Debug|x64
		{D9AEFA49-7CF8-409F-ADD9-8AC4167A0B85}.Debug|x64.Build.0 = Debug|x64
		{D9AEFA49-7CF8-409F-ADD9-8AC4167A0B85}.Debug|x86.ActiveCfg = Debug|Win32
		{D9AEFA49-7CF8-409F-ADD9-8AC4167A0B85}.Debug|x86.Build.0 = Debug|Win32
		{D9AEFA49-7CF8-409F-ADD9-8AC4167A0B85}.Release|Any CPU.ActiveCfg = Release|Win32
		{D9AEFA49-7CF8-409F-ADD9-8AC4167A0B85}.Release|x64.ActiveCfg = Release|x64
		{D9AEFA49-7CF8-409F-ADD9-8AC4167A0B85}.Release|x64.Build.0 = Release|x64
		{D9AEFA49-7CF8-409F-ADD9-8AC4167A0B85}.Release|x86.ActiveCfg = Release|Win32
		{D9AEFA49-7CF8-409F-ADD9-8AC4167A0B85}.Release|x86.Build.0 = Release|Win32
	EndGlobalSection
	GlobalSection(SolutionProperties) = preSolution
		HideSolutionNode = FALSE
	EndGlobalSection
	GlobalSection(ExtensibilityGlobals) = postSolution
		SolutionGuid = {5131CEA4-1A88-4A87-B053-A1AE15F40B8D}
	EndGlobalSection
EndGlobal
